{
  "lockfile_version": "1",
  "packages": {
    "cmake@latest": {
      "last_modified": "2025-10-22T20:59:19Z",
      "resolved": "github:NixOS/nixpkgs/01b6809f7f9d1183a2b3e081f0a1e6f8f415cb09#cmake",
      "source": "devbox-search",
      "version": "4.1.2",
      "systems": {
        "aarch64-darwin": {
          "outputs": [
            {
              "name": "out",
              "path": "/nix/store/g1ck4iddb7q6f5qm8pa3qqss6dp3gjlm-cmake-4.1.2",
              "default": true
            }
          ],
          "store_path": "/nix/store/g1ck4iddb7q6f5qm8pa3qqss6dp3gjlm-cmake-4.1.2"
        },
        "aarch64-linux": {
          "outputs": [
            {
              "name": "out",
              "path": "/nix/store/wwxllnq886443diryrcxkca6b6cmn7f7-cmake-4.1.2",
              "default": true
            },
            {
              "name": "debug",
              "path": "/nix/store/7h913kgsf5mqba39r2a2npbd9fwcs5q3-cmake-4.1.2-debug"
            }
          ],
          "store_path": "/nix/store/wwxllnq886443diryrcxkca6b6cmn7f7-cmake-4.1.2"
        },
        "x86_64-darwin": {
          "outputs": [
            {
              "name": "out",
              "path": "/nix/store/06i0k56x3asszhsgwjrc1rngq0h163mx-cmake-4.1.2",
              "default": true
            }
          ],
          "store_path": "/nix/store/06i0k56x3asszhsgwjrc1rngq0h163mx-cmake-4.1.2"
        },
        "x86_64-linux": {
          "outputs": [
            {
              "name": "out",
              "path": "/nix/store/5bn5f4ivqf4xn19khh4kcg4ngnjs6spg-cmake-4.1.2",
              "default": true
            },
            {
              "name": "debug",
              "path": "/nix/store/6xgz1k0maw0pf5jmnrpfrir9zzk9bxmj-cmake-4.1.2-debug"
            }
          ],
          "store_path": "/nix/store/5bn5f4ivqf4xn19khh4kcg4ngnjs6spg-cmake-4.1.2"
        }
      }
    },
    "dtc@latest": {
      "last_modified": "2025-10-22T20:59:19Z",
      "resolved": "github:NixOS/nixpkgs/01b6809f7f9d1183a2b3e081f0a1e6f8f415cb09#dtc",
      "source": "devbox-search",
      "version": "1.7.2",
      "systems": {
        "aarch64-darwin": {
          "outputs": [
            {
              "name": "out",
              "path": "/nix/store/ayd22lfrr20lb94aadsbi0fvx9kx4r5z-dtc-1.7.2",
              "default": true
            }
          ],
          "store_path": "/nix/store/ayd22lfrr20lb94aadsbi0fvx9kx4r5z-dtc-1.7.2"
        },
        "aarch64-linux": {
          "outputs": [
            {
              "name": "out",
              "path": "/nix/store/qmxgq5qb59n0svxkbpx6k8sg91f5si95-dtc-1.7.2",
              "default": true
            }
          ],
          "store_path": "/nix/store/qmxgq5qb59n0svxkbpx6k8sg91f5si95-dtc-1.7.2"
        },
        "x86_64-darwin": {
          "outputs": [
            {
              "name": "out",
              "path": "/nix/store/m1wj5nqsygqk7bdbncmxl4sg7fkg34gc-dtc-1.7.2",
              "default": true
            }
          ],
          "store_path": "/nix/store/m1wj5nqsygqk7bdbncmxl4sg7fkg34gc-dtc-1.7.2"
        },
        "x86_64-linux": {
          "outputs": [
            {
              "name": "out",
              "path": "/nix/store/31ss09qdk4h25prr740w1yg3ywfgkpgd-dtc-1.7.2",
              "default": true
            }
          ],
          "store_path": "/nix/store/31ss09qdk4h25prr740w1yg3ywfgkpgd-dtc-1.7.2"
        }
      }
    },
    "gcc-arm-embedded@latest": {
      "last_modified": "2026-05-21T08:15:18Z",
      "resolved": "github:NixOS/nixpkgs/4a29d733e8a7d5b824c3d8c958a946a9867b3eb2#gcc-arm-embedded",
      "source": "devbox-search",
      "version": "15.2.rel1",
      "systems": {
        "aarch64-darwin": {
          "outputs": [
            {
              "name": "out",
              "path": "/nix/store/7vgrjdphp17zb6x0d976qz7n5zg01xsf-gcc-arm-embedded-15.2.rel1",
              "default": true
            }
          ],
          "store_path": "/nix/store/7vgrjdphp17zb6x0d976qz7n5zg01xsf-gcc-arm-embedded-15.2.rel1"
        },
        "aarch64-linux": {
          "outputs": [
            {
              "name": "out",
              "path": "/nix/store/lja6z57laa5v0685bwk6pr2dy0cvhq3r-gcc-arm-embedded-15.2.rel1",
              "default": true
            }
          ],
          "store_path": "/nix/store/lja6z57laa5v0685bwk6pr2dy0cvhq3r-gcc-arm-embedded-15.2.rel1"
        },
        "x86_64-linux": {
          "outputs": [
            {
              "name": "out",
              "path": "/nix/store/mmkh2v78liwvll9ikdamv3iqwy5drm1g-gcc-arm-embedded-15.2.rel1",
              "default": true
            }
          ],
          "store_path": "/nix/store/mmkh2v78liwvll9ikdamv3iqwy5drm1g-gcc-arm-embedded-15.2.rel1"
        }
      }
    },
    "gcc@latest": {
      "last_modified": "2025-10-22T20:59:19Z",
      "resolved": "github:NixOS/nixpkgs/01b6809f7f9d1183a2b3e081f0a1e6f8f415cb09#gcc15",
      "source": "devbox-search",
      "version": "15.2.0",
      "systems": {
        "aarch64-darwin": {
          "outputs": [
            {
              "name": "out",
              "path": "/nix/store/bcmfh1fkr646mjv9242n28b345dg54y8-gcc-wrapper-15.2.0",
              "default": true
            },
            {
              "name": "man",
              "path": "/nix/store/bykwndvmlc5ffdww5324nn4hrgav7hi8-gcc-wrapper-15.2.0-man",
              "default": true
            },
            {
              "name": "info",
              "path": "/nix/store/r0rnb2phjzr1yi3p3p7izw42wgxhknl4-gcc-wrapper-15.2.0-info"
            }
          ],
          "store_path": "/nix/store/bcmfh1fkr646mjv9242n28b345dg54y8-gcc-wrapper-15.2.0"
        },
        "aarch64-linux": {
          "outputs": [
            {
              "name": "out",
              "path": "/nix/store/2h7l3b3h4sn81y5kk2114gw6my2wvraq-gcc-wrapper-15.2.0",
              "default": true
            },
            {
              "name": "man",
              "path": "/nix/store/gnhlwj2pcayihh20hib07w8ki00kab8p-gcc-wrapper-15.2.0-man",
              "default": true
            },
            {
              "name": "info",
              "path": "/nix/store/gsyrzg32j9y2ijwzb5ni5g2i7a3ds77j-gcc-wrapper-15.2.0-info"
            }
          ],
          "store_path": "/nix/store/2h7l3b3h4sn81y5kk2114gw6my2wvraq-gcc-wrapper-15.2.0"
        },
        "x86_64-darwin": {
          "outputs": [
            {
              "name": "out",
              "path": "/nix/store/8qnzzhrm02gsg6c0w63a02y4rplxha8w-gcc-wrapper-15.2.0",
              "default": true
            },
            {
              "name": "man",
              "path": "/nix/store/sijrbd9sb0jz7y60f8ncm76ximsj1mjs-gcc-wrapper-15.2.0-man",
              "default": true
            },
            {
              "name": "info",
              "path": "/nix/store/gdkzb3qfvbdg5fz3vi2qgxy9akiag1p0-gcc-wrapper-15.2.0-info"
            }
          ],
          "store_path": "/nix/store/8qnzzhrm02gsg6c0w63a02y4rplxha8w-gcc-wrapper-15.2.0"
        },
        "x86_64-linux": {
          "outputs": [
            {
              "name": "out",
              "path": "/nix/store/qdwim37sf31raprhmrjgrqfhppl7d5vb-gcc-wrapper-15.2.0",
              "default": true
            },
            {
              "name": "man",
              "path": "/nix/store/msdlmsmgjikrpp3zmjl13aqn0m6hawmk-gcc-wrapper-15.2.0-man",
              "default": true
            },
            {
              "name": "info",
              "path": "/nix/store/k00yfq46pbp9hlkk7pxakpimi7vxjj6r-gcc-wrapper-15.2.0-info"
            }
          ],
          "store_path": "/nix/store/qdwim37sf31raprhmrjgrqfhppl7d5vb-gcc-wrapper-15.2.0"
        }
      }
    },
    "github:NixOS/nixpkgs/nixpkgs-unstable": {
      "last_modified": "2025-06-18T03:01:18Z",
      "resolved": "github:NixOS/nixpkgs/5395fb3ab3f97b9b7abca147249fa2e8ed27b192?lastModified=1750215678&narHash=sha256-Rc%2FytpamXRf6z8UA2SGa4aaWxUXRbX2MAWIu2C8M%2Bok%3D"
    },
    "gperf@latest": {
      "last_modified": "2026-05-21T08:15:18Z",
      "resolved": "github:NixOS/nixpkgs/4a29d733e8a7d5b824c3d8c958a946a9867b3eb2#gperf",
      "source": "devbox-search",
      "version": "3.3",
      "systems": {
        "aarch64-darwin": {
          "outputs": [
            {
              "name": "out",
              "path": "/nix/store/aj3wr01sz0h46ll8nhibq8hw99yax3c0-gperf-3.3",
              "default": true
            }
          ],
          "store_path": "/nix/store/aj3wr01sz0h46ll8nhibq8hw99yax3c0-gperf-3.3"
        },
        "aarch64-linux": {
          "outputs": [
            {
              "name": "out",
              "path": "/nix/store/7r9pnzlvh9lgn02wc360qpqxqxaybqi0-gperf-3.3",
              "default": true
            }
          ],
          "store_path": "/nix/store/7r9pnzlvh9lgn02wc360qpqxqxaybqi0-gperf-3.3"
        },
        "x86_64-darwin": {
          "outputs": [
            {
              "name": "out",
              "path": "/nix/store/0vy6cqq0rlnldi6s511w4fl8dwzzzkmw-gperf-3.3",
              "default": true
            }
          ],
          "store_path": "/nix/store/0vy6cqq0rlnldi6s511w4fl8dwzzzkmw-gperf-3.3"
        },
        "x86_64-linux": {
          "outputs": [
            {
              "name": "out",
              "path": "/nix/store/b5cw8nlzrhkm9p025w1qdyqvj4d0lq7x-gperf-3.3",
              "default": true
            }
          ],
          "store_path": "/nix/store/b5cw8nlzrhkm9p025w1qdyqvj4d0lq7x-gperf-3.3"
        }
      }
    },
    "ninja@latest": {
      "last_modified": "2025-10-22T20:59:19Z",
      "resolved": "github:NixOS/nixpkgs/01b6809f7f9d1183a2b3e081f0a1e6f8f415cb09#ninja",
      "source": "devbox-search",
      "version": "1.13.1",
      "systems": {
        "aarch64-darwin": {
          "outputs": [
            {
              "name": "out",
              "path": "/nix/store/1r1jpjv8ykswgbf3y58la65rajjwnhq2-ninja-1.13.1",
              "default": true
            }
          ],
          "store_path": "/nix/store/1r1jpjv8ykswgbf3y58la65rajjwnhq2-ninja-1.13.1"
        },
        "aarch64-linux": {
          "outputs": [
            {
              "name": "out",
              "path": "/nix/store/3xigr0sk865az0brj1pccdmm2rvwwqnn-ninja-1.13.1",
              "default": true
            }
          ],
          "store_path": "/nix/store/3xigr0sk865az0brj1pccdmm2rvwwqnn-ninja-1.13.1"
        },
        "x86_64-darwin": {
          "outputs": [
            {
              "name": "out",
              "path": "/nix/store/j2ncgw7g70j2cjb4j0sh6lfrpfzzwbzj-ninja-1.13.1",
              "default": true
            }
          ],
          "store_path": "/nix/store/j2ncgw7g70j2cjb4j0sh6lfrpfzzwbzj-ninja-1.13.1"
        },
        "x86_64-linux": {
          "outputs": [
            {
              "name": "out",
              "path": "/nix/store/asj4vdlgiqpcqc45lq29r4hv4wlfbl63-ninja-1.13.1",
              "default": true
            }
          ],
          "store_path": "/nix/store/asj4vdlgiqpcqc45lq29r4hv4wlfbl63-ninja-1.13.1"
        }
      }
    },
    "python@latest": {
      "last_modified": "2024-02-10T18:15:24Z",
      "plugin_version": "0.0.4",
      "resolved": "github:NixOS/nixpkgs/10b813040df67c4039086db0f6eaf65c536886c6#python312",
      "source": "devbox-search",
      "version": "3.12.1",
      "systems": {
        "aarch64-darwin": {
          "outputs": [
            {
              "name": "out",
              "path": "/nix/store/s1mr5bmvfcy4hm7669d2xx3gqgj481qk-python3-3.12.1",
              "default": true
            }
          ],
          "store_path": "/nix/store/s1mr5bmvfcy4hm7669d2xx3gqgj481qk-python3-3.12.1"
        },
        "aarch64-linux": {
          "outputs": [
            {
              "name": "out",
              "path": "/nix/store/qv710q1p74qb7bswpwh59px28gfj51b1-python3-3.12.1",
              "default": true
            },
            {
              "name": "debug",
              "path": "/nix/store/6i8r0lq7m7rf7lcqjrwizkcaznmhd2cm-python3-3.12.1-debug"
            }
          ],
          "store_path": "/nix/store/qv710q1p74qb7bswpwh59px28gfj51b1-python3-3.12.1"
        },
        "x86_64-darwin": {
          "outputs": [
            {
              "name": "out",
              "path": "/nix/store/051hdrw5qmgbplch184mplcnv4djfb8a-python3-3.12.1",
              "default": true
            }
          ],
          "store_path": "/nix/store/051hdrw5qmgbplch184mplcnv4djfb8a-python3-3.12.1"
        },
        "x86_64-linux": {
          "outputs": [
            {
              "name": "out",
              "path": "/nix/store/y4dxr00qg40pwgxx9nxj61091zk8bsvl-python3-3.12.1",
              "default": true
            },
            {
              "name": "debug",
              "path": "/nix/store/n8jysaqvk89q6fbif4mlacni6wwq0sgc-python3-3.12.1-debug"
            }
          ],
          "store_path": "/nix/store/y4dxr00qg40pwgxx9nxj61091zk8bsvl-python3-3.12.1"
        }
      }
    },
    "uv@latest": {
      "last_modified": "2025-10-22T20:59:19Z",
      "resolved": "github:NixOS/nixpkgs/01b6809f7f9d1183a2b3e081f0a1e6f8f415cb09#uv",
      "source": "devbox-search",
      "version": "0.8.23",
      "systems": {
        "aarch64-darwin": {
          "outputs": [
            {
              "name": "out",
              "path": "/nix/store/3q234qjj0cvdb8yjaiq64gk2q7r1nwcx-uv-0.8.23",
              "default": true
            }
          ],
          "store_path": "/nix/store/3q234qjj0cvdb8yjaiq64gk2q7r1nwcx-uv-0.8.23"
        },
        "aarch64-linux": {
          "outputs": [
            {
              "name": "out",
              "path": "/nix/store/ymbshk79amchwmhvnh8xh5f1608a3p80-uv-0.8.23",
              "default": true
            }
          ],
          "store_path": "/nix/store/ymbshk79amchwmhvnh8xh5f1608a3p80-uv-0.8.23"
        },
        "x86_64-darwin": {
          "outputs": [
            {
              "name": "out",
              "path": "/nix/store/lnl1zz7f97pqj6bqzqpglf0lhgcy5pk0-uv-0.8.23",
              "default": true
            }
          ],
          "store_path": "/nix/store/lnl1zz7f97pqj6bqzqpglf0lhgcy5pk0-uv-0.8.23"
        },
        "x86_64-linux": {
          "outputs": [
            {
              "name": "out",
              "path": "/nix/store/n6chrdybb91npp8gvf8mjk55smx4sn8s-uv-0.8.23",
              "default": true
            }
          ],
          "store_path": "/nix/store/n6chrdybb91npp8gvf8mjk55smx4sn8s-uv-0.8.23"
        }
      }
    },
    "yq@latest": {
      "last_modified": "2025-10-22T20:59:19Z",
      "resolved": "github:NixOS/nixpkgs/01b6809f7f9d1183a2b3e081f0a1e6f8f415cb09#yq",
      "source": "devbox-search",
      "version": "3.4.3",
      "systems": {
        "aarch64-darwin": {
          "outputs": [
            {
              "name": "out",
              "path": "/nix/store/wacsaagcnq7ymfmmcgs7g2m84scar453-python3.13-yq-3.4.3",
              "default": true
            },
            {
              "name": "dist",
              "path": "/nix/store/1rp722gn573fys857frnvlgcis64l8kw-python3.13-yq-3.4.3-dist"
            }
          ],
          "store_path": "/nix/store/wacsaagcnq7ymfmmcgs7g2m84scar453-python3.13-yq-3.4.3"
        },
        "aarch64-linux": {
          "outputs": [
            {
              "name": "out",
              "path": "/nix/store/z4vgfpdb8bs2ciq4kshymmip96pdvb59-python3.13-yq-3.4.3",
              "default": true
            },
            {
              "name": "dist",
              "path": "/nix/store/64sbqvx2fpga4m77d65hmcgxnmsr08d6-python3.13-yq-3.4.3-dist"
            }
          ],
          "store_path": "/nix/store/z4vgfpdb8bs2ciq4kshymmip96pdvb59-python3.13-yq-3.4.3"
        },
        "x86_64-darwin": {
          "outputs": [
            {
              "name": "out",
              "path": "/nix/store/h5jhyx6ggspfxkamcyp5snnzrggd47zv-python3.13-yq-3.4.3",
              "default": true
            },
            {
              "name": "dist",
              "path": "/nix/store/yqa30kfi15rp39fbz1b4v9liqs178fvj-python3.13-yq-3.4.3-dist"
            }
          ],
          "store_path": "/nix/store/h5jhyx6ggspfxkamcyp5snnzrggd47zv-python3.13-yq-3.4.3"
        },
        "x86_64-linux": {
          "outputs": [
            {
              "name": "out",
              "path": "/nix/store/3x7kcxbd9lsgnza7zncjl1ibwgs67r1l-python3.13-yq-3.4.3",
              "default": true
            },
            {
              "name": "dist",
              "path": "/nix/store/95zz3grphzxviinl3ksaj4dnclf7vc31-python3.13-yq-3.4.3-dist"
            }
          ],
          "store_path": "/nix/store/3x7kcxbd9lsgnza7zncjl1ibwgs67r1l-python3.13-yq-3.4.3"
        }
      }
    }
  }
}
